
Microsoft Visual Studio Solution File, Format Version 12.00
# Visual Studio Version 17
VisualStudioVersion = 17.3.32819.101
MinimumVisualStudioVersion = 10.0.40219.1
Project("{FAE04EC0-301F-11D3-BF4B-00C04F79EFBC}") = "Bluetooth_testing_v2.UWP", "Bluetooth_testing_v2.UWP\Bluetooth_testing_v2.UWP.csproj", "{B59BB827-6758-4120-AE69-31AB407C1C84}"
EndProject
Project("{FAE04EC0-301F-11D3-BF4B-00C04F79EFBC}") = "Bluetooth_testing_v2.Android", "Bluetooth_testing_v2.Android\Bluetooth_testing_v2.Android.csproj", "{35610500-0ABF-4BF9-A73A-63801AB42AB8}"
EndProject
Project("{FAE04EC0-301F-11D3-BF4B-00C04F79EFBC}") = "Bluetooth_testing_v2.iOS", "Bluetooth_testing_v2.iOS\Bluetooth_testing_v2.iOS.csproj", "{8A772B7D-4123-41FC-B8F1-22E53C27BC69}"
EndProject
Project("{FAE04EC0-301F-11D3-BF4B-00C04F79EFBC}") = "Bluetooth_testing_v2", "Bluetooth_testing_v2\Bluetooth_testing_v2.csproj", "{6C06DC35-F45B-4B17-B3D3-D0BAFA65460C}"
EndProject
Global
	GlobalSection(SolutionConfigurationPlatforms) = preSolution
		Debug|Any CPU = Debug|Any CPU
		Debug|ARM = Debug|ARM
		Debug|iPhone = Debug|iPhone
		Debug|iPhoneSimulator = Debug|iPhoneSimulator
		Debug|x64 = Debug|x64
		Debug|x86 = Debug|x86
		Release|Any CPU = Release|Any CPU
		Release|ARM = Release|ARM
		Release|iPhone = Release|iPhone
		Release|iPhoneSimulator = Release|iPhoneSimulator
		Release|x64 = Release|x64
		Release|x86 = Release|x86
	EndGlobalSection
	GlobalSection(ProjectConfigurationPlatforms) = postSolution
		{B59BB827-6758-4120-AE69-31AB407C1C84}.Debug|Any CPU.ActiveCfg = Debug|x64
		{B59BB827-6758-4120-AE69-31AB407C1C84}.Debug|Any CPU.Build.0 = Debug|x64
		{B59BB827-6758-4120-AE69-31AB407C1C84}.Debug|Any CPU.Deploy.0 = Debug|x64
		{B59BB827-6758-4120-AE69-31AB407C1C84}.Debug|ARM.ActiveCfg = Debug|ARM
		{B59BB827-6758-4120-AE69-31AB407C1C84}.Debug|ARM.Build.0 = Debug|ARM
		{B59BB827-6758-4120-AE69-31AB407C1C84}.Debug|ARM.Deploy.0 = Debug|ARM
		{B59BB827-6758-4120-AE69-31AB407C1C84}.Debug|iPhone.ActiveCfg = Debug|x64
		{B59BB827-6758-4120-AE69-31AB407C1C84}.Debug|iPhone.Build.0 = Debug|x64
		{B59BB827-6758-4120-AE69-31AB407C1C84}.Debug|iPhone.Deploy.0 = Debug|x64
		{B59BB827-6758-4120-AE69-31AB407C1C84}.Debug|iPhoneSimulator.ActiveCfg = Debug|x64
		{B59BB827-6758-4120-AE69-31AB407C1C84}.Debug|iPhoneSimulator.Build.0 = Debug|x64
		{B59BB827-6758-4120-AE69-31AB407C1C84}.Debug|iPhoneSimulator.Deploy.0 = Debug|x64
		{B59BB827-6758-4120-AE69-31AB407C1C84}.Debug|x64.ActiveCfg = Debug|x64
		{B59BB827-6758-4120-AE69-31AB407C1C84}.Debug|x64.Build.0 = Debug|x64
		{B59BB827-6758-4120-AE69-31AB407C1C84}.Debug|x64.Deploy.0 = Debug|x64
		{B59BB827-6758-4120-AE69-31AB407C1C84}.Debug|x86.ActiveCfg = Debug|x86
		{B59BB827-6758-4120-AE69-31AB407C1C84}.Debug|x86.Build.0 = Debug|x86
		{B59BB827-6758-4120-AE69-31AB407C1C84}.Debug|x86.Deploy.0 = Debug|x86
		{B59BB827-6758-4120-AE69-31AB407C1C84}.Release|Any CPU.ActiveCfg = Release|x64
		{B59BB827-6758-4120-AE69-31AB407C1C84}.Release|Any CPU.Build.0 = Release|x64
		{B59BB827-6758-4120-AE69-31AB407C1C84}.Release|Any CPU.Deploy.0 = Release|x64
		{B59BB827-6758-4120-AE69-31AB407C1C84}.Release|ARM.ActiveCfg = Release|ARM
		{B59BB827-6758-4120-AE69-31AB407C1C84}.Release|ARM.Build.0 = Release|ARM
		{B59BB827-6758-4120-AE69-31AB407C1C84}.Release|ARM.Deploy.0 = Release|ARM
		{B59BB827-6758-4120-AE69-31AB407C1C84}.Release|iPhone.ActiveCfg = Release|x64
		{B59BB827-6758-4120-AE69-31AB407C1C84}.Release|iPhone.Build.0 = Release|x64
		{B59BB827-6758-4120-AE69-31AB407C1C84}.Release|iPhone.Deploy.0 = Release|x64
		{B59BB827-6758-4120-AE69-31AB407C1C84}.Release|iPhoneSimulator.ActiveCfg = Release|x64
		{B59BB827-6758-4120-AE69-31AB407C1C84}.Release|iPhoneSimulator.Build.0 = Release|x64
		{B59BB827-6758-4120-AE69-31AB407C1C84}.Release|iPhoneSimulator.Deploy.0 = Release|x64
		{B59BB827-6758-4120-AE69-31AB407C1C84}.Release|x64.ActiveCfg = Release|x64
		{B59BB827-6758-4120-AE69-31AB407C1C84}.Release|x64.Build.0 = Release|x64
		{B59BB827-6758-4120-AE69-31AB407C1C84}.Release|x64.Deploy.0 = Release|x64
		{B59BB827-6758-4120-AE69-31AB407C1C84}.Release|x86.ActiveCfg = Release|x86
		{B59BB827-6758-4120-AE69-31AB407C1C84}.Release|x86.Build.0 = Release|x86
		{B59BB827-6758-4120-AE69-31AB407C1C84}.Release|x86.Deploy.0 = Release|x86
		{35610500-0ABF-4BF9-A73A-63801AB42AB8}.Debug|Any CPU.ActiveCfg = Debug|Any CPU
		{35610500-0ABF-4BF9-A73A-63801AB42AB8}.Debug|Any CPU.Build.0 = Debug|Any CPU
		{35610500-0ABF-4BF9-A73A-63801AB42AB8}.Debug|Any CPU.Deploy.0 = Debug|Any CPU
		{35610500-0ABF-4BF9-A73A-63801AB42AB8}.Debug|ARM.ActiveCfg = Debug|Any CPU
		{35610500-0ABF-4BF9-A73A-63801AB42AB8}.Debug|ARM.Build.0 = Debug|Any CPU
		{35610500-0ABF-4BF9-A73A-63801AB42AB8}.Debug|ARM.Deploy.0 = Debug|Any CPU
		{35610500-0ABF-4BF9-A73A-63801AB42AB8}.Debug|iPhone.ActiveCfg = Debug|Any CPU
		{35610500-0ABF-4BF9-A73A-63801AB42AB8}.Debug|iPhone.Build.0 = Debug|Any CPU
		{35610500-0ABF-4BF9-A73A-63801AB42AB8}.Debug|iPhone.Deploy.0 = Debug|Any CPU
		{35610500-0ABF-4BF9-A73A-63801AB42AB8}.Debug|iPhoneSimulator.ActiveCfg = Debug|Any CPU
		{35610500-0ABF-4BF9-A73A-63801AB42AB8}.Debug|iPhoneSimulator.Build.0 = Debug|Any CPU
		{35610500-0ABF-4BF9-A73A-63801AB42AB8}.Debug|iPhoneSimulator.Deploy.0 = Debug|Any CPU
		{35610500-0ABF-4BF9-A73A-63801AB42AB8}.Debug|x64.ActiveCfg = Debug|Any CPU
		{35610500-0ABF-4BF9-A73A-63801AB42AB8}.Debug|x64.Build.0 = Debug|Any CPU
		{35610500-0ABF-4BF9-A73A-63801AB42AB8}.Debug|x64.Deploy.0 = Debug|Any CPU
		{35610500-0ABF-4BF9-A73A-63801AB42AB8}.Debug|x86.ActiveCfg = Debug|Any CPU
		{35610500-0ABF-4BF9-A73A-63801AB42AB8}.Debug|x86.Build.0 = Debug|Any CPU
		{35610500-0ABF-4BF9-A73A-63801AB42AB8}.Debug|x86.Deploy.0 = Debug|Any CPU
		{35610500-0ABF-4BF9-A73A-63801AB42AB8}.Release|Any CPU.ActiveCfg = Release|Any CPU
		{35610500-0ABF-4BF9-A73A-63801AB42AB8}.Release|Any CPU.Build.0 = Release|Any CPU
		{35610500-0ABF-4BF9-A73A-63801AB42AB8}.Release|Any CPU.Deploy.0 = Release|Any CPU
		{35610500-0ABF-4BF9-A73A-63801AB42AB8}.Release|ARM.ActiveCfg = Release|Any CPU
		{35610500-0ABF-4BF9-A73A-63801AB42AB8}.Release|ARM.Build.0 = Release|Any CPU
		{35610500-0ABF-4BF9-A73A-63801AB42AB8}.Release|ARM.Deploy.0 = Release|Any CPU
		{35610500-0ABF-4BF9-A73A-63801AB42AB8}.Release|iPhone.ActiveCfg = Release|Any CPU
		{35610500-0ABF-4BF9-A73A-63801AB42AB8}.Release|iPhone.Build.0 = Release|Any CPU
		{35610500-0ABF-4BF9-A73A-63801AB42AB8}.Release|iPhone.Deploy.0 = Release|Any CPU
		{35610500-0ABF-4BF9-A73A-63801AB42AB8}.Release|iPhoneSimulator.ActiveCfg = Release|Any CPU
		{35610500-0ABF-4BF9-A73A-63801AB42AB8}.Release|iPhoneSimulator.Build.0 = Release|Any CPU
		{35610500-0ABF-4BF9-A73A-63801AB42AB8}.Release|iPhoneSimulator.Deploy.0 = Release|Any CPU
		{35610500-0ABF-4BF9-A73A-63801AB42AB8}.Release|x64.ActiveCfg = Release|Any CPU
		{35610500-0ABF-4BF9-A73A-63801AB42AB8}.Release|x64.Build.0 = Release|Any CPU
		{35610500-0ABF-4BF9-A73A-63801AB42AB8}.Release|x64.Deploy.0 = Release|Any CPU
		{35610500-0ABF-4BF9-A73A-63801AB42AB8}.Release|x86.ActiveCfg = Release|Any CPU
		{35610500-0ABF-4BF9-A73A-63801AB42AB8}.Release|x86.Build.0 = Release|Any CPU
		{35610500-0ABF-4BF9-A73A-63801AB42AB8}.Release|x86.Deploy.0 = Release|Any CPU
		{8A772B7D-4123-41FC-B8F1-22E53C27BC69}.Debug|Any CPU.ActiveCfg = Debug|iPhoneSimulator
		{8A772B7D-4123-41FC-B8F1-22E53C27BC69}.Debug|Any CPU.Build.0 = Debug|iPhoneSimulator
		{8A772B7D-4123-41FC-B8F1-22E53C27BC69}.Debug|Any CPU.Deploy.0 = Debug|iPhoneSimulator
		{8A772B7D-4123-41FC-B8F1-22E53C27BC69}.Debug|ARM.ActiveCfg = Debug|iPhoneSimulator
		{8A772B7D-4123-41FC-B8F1-22E53C27BC69}.Debug|ARM.Build.0 = Debug|iPhoneSimulator
		{8A772B7D-4123-41FC-B8F1-22E53C27BC69}.Debug|ARM.Deploy.0 = Debug|iPhoneSimulator
		{8A772B7D-4123-41FC-B8F1-22E53C27BC69}.Debug|iPhone.ActiveCfg = Debug|iPhone
		{8A772B7D-4123-41FC-B8F1-22E53C27BC69}.Debug|iPhone.Build.0 = Debug|iPhone
		{8A772B7D-4123-41FC-B8F1-22E53C27BC69}.Debug|iPhone.Deploy.0 = Debug|iPhone
		{8A772B7D-4123-41FC-B8F1-22E53C27BC69}.Debug|iPhoneSimulator.ActiveCfg = Debug|iPhoneSimulator
		{8A772B7D-4123-41FC-B8F1-22E53C27BC69}.Debug|iPhoneSimulator.Build.0 = Debug|iPhoneSimulator
		{8A772B7D-4123-41FC-B8F1-22E53C27BC69}.Debug|iPhoneSimulator.Deploy.0 = Debug|iPhoneSimulator
		{8A772B7D-4123-41FC-B8F1-22E53C27BC69}.Debug|x64.ActiveCfg = Debug|iPhone
		{8A772B7D-4123-41FC-B8F1-22E53C27BC69}.Debug|x64.Build.0 = Debug|iPhone
		{8A772B7D-4123-41FC-B8F1-22E53C27BC69}.Debug|x64.Deploy.0 = Debug|iPhone
		{8A772B7D-4123-41FC-B8F1-22E53C27BC69}.Debug|x86.ActiveCfg = Debug|iPhoneSimulator
		{8A772B7D-4123-41FC-B8F1-22E53C27BC69}.Debug|x86.Build.0 = Debug|iPhoneSimulator
		{8A772B7D-4123-41FC-B8F1-22E53C27BC69}.Debug|x86.Deploy.0 = Debug|iPhoneSimulator
		{8A772B7D-4123-41FC-B8F1-22E53C27BC69}.Release|Any CPU.ActiveCfg = Release|iPhoneSimulator
		{8A772B7D-4123-41FC-B8F1-22E53C27BC69}.Release|Any CPU.Build.0 = Release|iPhoneSimulator
		{8A772B7D-4123-41FC-B8F1-22E53C27BC69}.Release|Any CPU.Deploy.0 = Release|iPhoneSimulator
		{8A772B7D-4123-41FC-B8F1-22E53C27BC69}.Release|ARM.ActiveCfg = Release|iPhoneSimulator
		{8A772B7D-4123-41FC-B8F1-22E53C27BC69}.Release|ARM.Build.0 = Release|iPhoneSimulator
		{8A772B7D-4123-41FC-B8F1-22E53C27BC69}.Release|ARM.Deploy.0 = Release|iPhoneSimulator
		{8A772B7D-4123-41FC-B8F1-22E53C27BC69}.Release|iPhone.ActiveCfg = Release|iPhone
		{8A772B7D-4123-41FC-B8F1-22E53C27BC69}.Release|iPhone.Build.0 = Release|iPhone
		{8A772B7D-4123-41FC-B8F1-22E53C27BC69}.Release|iPhone.Deploy.0 = Release|iPhone
		{8A772B7D-4123-41FC-B8F1-22E53C27BC69}.Release|iPhoneSimulator.ActiveCfg = Release|iPhoneSimulator
		{8A772B7D-4123-41FC-B8F1-22E53C27BC69}.Release|iPhoneSimulator.Build.0 = Release|iPhoneSimulator
		{8A772B7D-4123-41FC-B8F1-22E53C27BC69}.Release|iPhoneSimulator.Deploy.0 = Release|iPhoneSimulator
		{8A772B7D-4123-41FC-B8F1-22E53C27BC69}.Release|x64.ActiveCfg = Release|iPhoneSimulator
		{8A772B7D-4123-41FC-B8F1-22E53C27BC69}.Release|x64.Build.0 = Release|iPhoneSimulator
		{8A772B7D-4123-41FC-B8F1-22E53C27BC69}.Release|x64.Deploy.0 = Release|iPhoneSimulator
		{8A772B7D-4123-41FC-B8F1-22E53C27BC69}.Release|x86.ActiveCfg = Release|iPhoneSimulator
		{8A772B7D-4123-41FC-B8F1-22E53C27BC69}.Release|x86.Build.0 = Release|iPhoneSimulator
		{8A772B7D-4123-41FC-B8F1-22E53C27BC69}.Release|x86.Deploy.0 = Release|iPhoneSimulator
		{6C06DC35-F45B-4B17-B3D3-D0BAFA65460C}.Debug|Any CPU.ActiveCfg = Debug|Any CPU
		{6C06DC35-F45B-4B17-B3D3-D0BAFA65460C}.Debug|Any CPU.Build.0 = Debug|Any CPU
		{6C06DC35-F45B-4B17-B3D3-D0BAFA65460C}.Debug|Any CPU.Deploy.0 = Debug|Any CPU
		{6C06DC35-F45B-4B17-B3D3-D0BAFA65460C}.Debug|ARM.ActiveCfg = Debug|Any CPU
		{6C06DC35-F45B-4B17-B3D3-D0BAFA65460C}.Debug|ARM.Build.0 = Debug|Any CPU
		{6C06DC35-F45B-4B17-B3D3-D0BAFA65460C}.Debug|ARM.Deploy.0 = Debug|Any CPU
		{6C06DC35-F45B-4B17-B3D3-D0BAFA65460C}.Debug|iPhone.ActiveCfg = Debug|Any CPU
		{6C06DC35-F45B-4B17-B3D3-D0BAFA65460C}.Debug|iPhone.Build.0 = Debug|Any CPU
		{6C06DC35-F45B-4B17-B3D3-D0BAFA65460C}.Debug|iPhone.Deploy.0 = Debug|Any CPU
		{6C06DC35-F45B-4B17-B3D3-D0BAFA65460C}.Debug|iPhoneSimulator.ActiveCfg = Debug|Any CPU
		{6C06DC35-F45B-4B17-B3D3-D0BAFA65460C}.Debug|iPhoneSimulator.Build.0 = Debug|Any CPU
		{6C06DC35-F45B-4B17-B3D3-D0BAFA65460C}.Debug|iPhoneSimulator.Deploy.0 = Debug|Any CPU
		{6C06DC35-F45B-4B17-B3D3-D0BAFA65460C}.Debug|x64.ActiveCfg = Debug|Any CPU
		{6C06DC35-F45B-4B17-B3D3-D0BAFA65460C}.Debug|x64.Build.0 = Debug|Any CPU
		{6C06DC35-F45B-4B17-B3D3-D0BAFA65460C}.Debug|x64.Deploy.0 = Debug|Any CPU
		{6C06DC35-F45B-4B17-B3D3-D0BAFA65460C}.Debug|x86.ActiveCfg = Debug|Any CPU
		{6C06DC35-F45B-4B17-B3D3-D0BAFA65460C}.Debug|x86.Build.0 = Debug|Any CPU
		{6C06DC35-F45B-4B17-B3D3-D0BAFA65460C}.Debug|x86.Deploy.0 = Debug|Any CPU
		{6C06DC35-F45B-4B17-B3D3-D0BAFA65460C}.Release|Any CPU.ActiveCfg = Release|Any CPU
		{6C06DC35-F45B-4B17-B3D3-D0BAFA65460C}.Release|Any CPU.Build.0 = Release|Any CPU
		{6C06DC35-F45B-4B17-B3D3-D0BAFA65460C}.Release|Any CPU.Deploy.0 = Release|Any CPU
		{6C06DC35-F45B-4B17-B3D3-D0BAFA65460C}.Release|ARM.ActiveCfg = Release|Any CPU
		{6C06DC35-F45B-4B17-B3D3-D0BAFA65460C}.Release|ARM.Build.0 = Release|Any CPU
		{6C06DC35-F45B-4B17-B3D3-D0BAFA65460C}.Release|ARM.Deploy.0 = Release|Any CPU
		{6C06DC35-F45B-4B17-B3D3-D0BAFA65460C}.Release|iPhone.ActiveCfg = Release|Any CPU
		{6C06DC35-F45B-4B17-B3D3-D0BAFA65460C}.Release|iPhone.Build.0 = Release|Any CPU
		{6C06DC35-F45B-4B17-B3D3-D0BAFA65460C}.Release|iPhone.Deploy.0 = Release|Any CPU
		{6C06DC35-F45B-4B17-B3D3-D0BAFA65460C}.Release|iPhoneSimulator.ActiveCfg = Release|Any CPU
		{6C06DC35-F45B-4B17-B3D3-D0BAFA65460C}.Release|iPhoneSimulator.Build.0 = Release|Any CPU
		{6C06DC35-F45B-4B17-B3D3-D0BAFA65460C}.Release|iPhoneSimulator.Deploy.0 = Release|Any CPU
		{6C06DC35-F45B-4B17-B3D3-D0BAFA65460C}.Release|x64.ActiveCfg = Release|Any CPU
		{6C06DC35-F45B-4B17-B3D3-D0BAFA65460C}.Release|x64.Build.0 = Release|Any CPU
		{6C06DC35-F45B-4B17-B3D3-D0BAFA65460C}.Release|x64.Deploy.0 = Release|Any CPU
		{6C06DC35-F45B-4B17-B3D3-D0BAFA65460C}.Release|x86.ActiveCfg = Release|Any CPU
		{6C06DC35-F45B-4B17-B3D3-D0BAFA65460C}.Release|x86.Build.0 = Release|Any CPU
		{6C06DC35-F45B-4B17-B3D3-D0BAFA65460C}.Release|x86.Deploy.0 = Release|Any CPU
	EndGlobalSection
	GlobalSection(SolutionProperties) = preSolution
		HideSolutionNode = FALSE
	EndGlobalSection
	GlobalSection(ExtensibilityGlobals) = postSolution
		SolutionGuid = {F3F68441-2C61-41C0-B8FD-2457203ED10E}
	EndGlobalSection
EndGlobal
